{
  "nodes": {
    "devenv": {
      "locked": {
        "dir": "src/modules",
        "lastModified": 1774261302,
        "narHash": "sha256-P5noO+IXXDBL7l8dEVcig94OXfzLiN1K1KT0COjPcTU=",
        "owner": "cachix",
        "repo": "devenv",
        "rev": "406f2ed97937995234c5d3de43cf77f31c42ca2b",
        "type": "github"
      },
      "original": {
        "dir": "src/modules",
        "owner": "cachix",
        "repo": "devenv",
        "type": "github"
      }
    },
    "nixpkgs": {
      "locked": {
        "lastModified": 1774244481,
        "narHash": "sha256-4XfMXU0DjN83o6HWZoKG9PegCvKvIhNUnRUI19vzTcQ=",
        "owner": "NixOS",
        "repo": "nixpkgs",
        "rev": "4590696c8693fea477850fe379a01544293ca4e2",
        "type": "github"
      },
      "original": {
        "owner": "NixOS",
        "ref": "nixos-25.11",
        "repo": "nixpkgs",
        "type": "github"
      }
    },
    "pkgs-mod": {
      "inputs": {
        "nixpkgs": "nixpkgs"
      },
      "locked": {
        "lastModified": 1774306428,
        "narHash": "sha256-1s/EhKuCJop9gNQam/kJ9ncXaHVnmkBbWPZf7JEWuIU=",
        "owner": "VITO-RMA",
        "repo": "nix-pkgs",
        "rev": "8fea420ffaf073d4f6c1b3b7c19a6556303a15b1",
        "type": "github"
      },
      "original": {
        "owner": "VITO-RMA",
        "ref": "main",
        "repo": "nix-pkgs",
        "type": "github"
      }
    },
    "root": {
      "inputs": {
        "devenv": "devenv",
        "nixpkgs": [
          "pkgs-mod",
          "nixpkgs"
        ],
        "pkgs-mod": "pkgs-mod"
      }
    }
  },
  "root": "root",
  "version": 7
}
