{
  "nodes": {
    "geodynamix-src": {
      "flake": false,
      "locked": {
        "lastModified": 1763584511,
        "narHash": "sha256-PsahZEOI1pgnkGi0bYDYzMt/hnjpVX9k6gegZQvgESw=",
        "owner": "VITObelgium",
        "repo": "geodynamix",
        "rev": "98b72484f829a97d096420142bd63169de0b5a66",
        "type": "github"
      },
      "original": {
        "owner": "VITObelgium",
        "ref": "develop",
        "repo": "geodynamix",
        "type": "github"
      }
    },
    "infra-src": {
      "flake": false,
      "locked": {
        "lastModified": 1764976182,
        "narHash": "sha256-zYFuB7GmY5hS85DIE8EWX49LLRv498J30EXJ3HmywYA=",
        "owner": "VITObelgium",
        "repo": "cpp-infra",
        "rev": "bdb9a95aacc2aadb3498f44a6196acdd48190004",
        "type": "github"
      },
      "original": {
        "owner": "VITObelgium",
        "ref": "master",
        "repo": "cpp-infra",
        "type": "github"
      }
    },
    "nixpkgs": {
      "locked": {
        "lastModified": 1767313136,
        "narHash": "sha256-16KkgfdYqjaeRGBaYsNrhPRRENs0qzkQVUooNHtoy2w=",
        "owner": "NixOS",
        "repo": "nixpkgs",
        "rev": "ac62194c3917d5f474c1a844b6fd6da2db95077d",
        "type": "github"
      },
      "original": {
        "owner": "NixOS",
        "ref": "nixos-25.05",
        "repo": "nixpkgs",
        "type": "github"
      }
    },
    "pkgs-mod": {
      "inputs": {
        "nixpkgs": [
          "nixpkgs"
        ]
      },
      "locked": {
        "lastModified": 1768950584,
        "narHash": "sha256-RKqYS1xkRWasdS3RrPNH6f8eyrx0dznejFAv8jrrEa8=",
        "owner": "VITO-RMA",
        "repo": "nix-pkgs",
        "rev": "17c87f62169a7896e27cb4dff728efef3d6c0170",
        "type": "github"
      },
      "original": {
        "owner": "VITO-RMA",
        "ref": "main",
        "repo": "nix-pkgs",
        "type": "github"
      }
    },
    "root": {
      "inputs": {
        "geodynamix-src": "geodynamix-src",
        "infra-src": "infra-src",
        "nixpkgs": "nixpkgs",
        "pkgs-mod": "pkgs-mod"
      }
    }
  },
  "root": "root",
  "version": 7
}
