{
  "nodes": {
    "geodynamix-src": {
      "flake": false,
      "locked": {
        "lastModified": 1769699708,
        "narHash": "sha256-421fCjmzOf/27MXUYlZvGOepeQLdQMd+puM/QSWI+h4=",
        "owner": "VITObelgium",
        "repo": "geodynamix",
        "rev": "c9d00d6644a10364f75d10af99d6cc45b2e95f8f",
        "type": "github"
      },
      "original": {
        "owner": "VITObelgium",
        "ref": "develop",
        "repo": "geodynamix",
        "type": "github"
      }
    },
    "infra-src": {
      "flake": false,
      "locked": {
        "lastModified": 1770721609,
        "narHash": "sha256-2z6s7aKgkByhXBjL4jJjOIbi7xCotUDx5+KL8TkE3LE=",
        "owner": "VITObelgium",
        "repo": "cpp-infra",
        "rev": "d8523cd01d0bc23b2692a83e3f0e1d3c55994638",
        "type": "github"
      },
      "original": {
        "owner": "VITObelgium",
        "ref": "master",
        "repo": "cpp-infra",
        "type": "github"
      }
    },
    "nixpkgs": {
      "locked": {
        "lastModified": 1774244481,
        "narHash": "sha256-4XfMXU0DjN83o6HWZoKG9PegCvKvIhNUnRUI19vzTcQ=",
        "owner": "NixOS",
        "repo": "nixpkgs",
        "rev": "4590696c8693fea477850fe379a01544293ca4e2",
        "type": "github"
      },
      "original": {
        "owner": "NixOS",
        "ref": "nixos-25.11",
        "repo": "nixpkgs",
        "type": "github"
      }
    },
    "pkgs-mod": {
      "inputs": {
        "nixpkgs": [
          "nixpkgs"
        ]
      },
      "locked": {
        "lastModified": 1774012533,
        "narHash": "sha256-SFzA77kEq4++rmxPaqSbE1dOMe2leZcuo7HErM+J5fk=",
        "owner": "VITO-RMA",
        "repo": "nix-pkgs",
        "rev": "e5f1907b8cd2efed9d4a8cb4392da356ee7e79ca",
        "type": "github"
      },
      "original": {
        "owner": "VITO-RMA",
        "ref": "main",
        "repo": "nix-pkgs",
        "type": "github"
      }
    },
    "root": {
      "inputs": {
        "geodynamix-src": "geodynamix-src",
        "infra-src": "infra-src",
        "nixpkgs": "nixpkgs",
        "pkgs-mod": "pkgs-mod"
      }
    }
  },
  "root": "root",
  "version": 7
}
