{
  "nodes": {
    "geodynamix-src": {
      "flake": false,
      "locked": {
        "lastModified": 1763584511,
        "narHash": "sha256-PsahZEOI1pgnkGi0bYDYzMt/hnjpVX9k6gegZQvgESw=",
        "owner": "VITObelgium",
        "repo": "geodynamix",
        "rev": "98b72484f829a97d096420142bd63169de0b5a66",
        "type": "github"
      },
      "original": {
        "owner": "VITObelgium",
        "ref": "develop",
        "repo": "geodynamix",
        "type": "github"
      }
    },
    "infra-src": {
      "flake": false,
      "locked": {
        "lastModified": 1763819135,
        "narHash": "sha256-Kx3erDPF7/IKO5EzbPQ4qLFAXLqrJp4eqRWOCmLl46U=",
        "owner": "VITObelgium",
        "repo": "cpp-infra",
        "rev": "c4be7f2152e6719efd086175e8a94d02c9ee5ee0",
        "type": "github"
      },
      "original": {
        "owner": "VITObelgium",
        "ref": "master",
        "repo": "cpp-infra",
        "type": "github"
      }
    },
    "nixpkgs": {
      "locked": {
        "lastModified": 1763622513,
        "narHash": "sha256-1jQnuyu82FpiSxowrF/iFK6Toh9BYprfDqfs4BB+19M=",
        "owner": "NixOS",
        "repo": "nixpkgs",
        "rev": "c58bc7f5459328e4afac201c5c4feb7c818d604b",
        "type": "github"
      },
      "original": {
        "owner": "NixOS",
        "ref": "nixos-25.05",
        "repo": "nixpkgs",
        "type": "github"
      }
    },
    "pkgs-mod": {
      "inputs": {
        "nixpkgs": [
          "nixpkgs"
        ]
      },
      "locked": {
        "lastModified": 1763842464,
        "narHash": "sha256-i7ptYeOjDHCYmDHRujgLjxtNekd8U4pcEvfEK1Aj4ak=",
        "owner": "VITO-RMA",
        "repo": "nix-pkgs",
        "rev": "1fb2d78163139356641e1bfe0ff479595eeffee5",
        "type": "github"
      },
      "original": {
        "owner": "VITO-RMA",
        "ref": "main",
        "repo": "nix-pkgs",
        "type": "github"
      }
    },
    "root": {
      "inputs": {
        "geodynamix-src": "geodynamix-src",
        "infra-src": "infra-src",
        "nixpkgs": "nixpkgs",
        "pkgs-mod": "pkgs-mod"
      }
    }
  },
  "root": "root",
  "version": 7
}
